// !$*UTF8*$!
{
	archiveVersion = 1;
	classes = {
	};
	objectVersion = 50;
	objects = {

/* Begin PBXBuildFile section */
		0F46705B273D28AF006E16D9 /* calculatorApp.swift in Sources */ = {isa = PBXBuildFile; fileRef = 0F46705A273D28AF006E16D9 /* calculatorApp.swift */; };
		0F46705D273D28AF006E16D9 /* ContentView.swift in Sources */ = {isa = PBXBuildFile; fileRef = 0F46705C273D28AF006E16D9 /* ContentView.swift */; };
		0F46705F273D28AF006E16D9 /* Assets.xcassets in Resources */ = {isa = PBXBuildFile; fileRef = 0F46705E273D28AF006E16D9 /* Assets.xcassets */; };
		0F467062273D28AF006E16D9 /* Preview Assets.xcassets in Resources */ = {isa = PBXBuildFile; fileRef = 0F467061273D28AF006E16D9 /* Preview Assets.xcassets */; };
		0F46706C273D28AF006E16D9 /* calculatorTests.swift in Sources */ = {isa = PBXBuildFile; fileRef = 0F46706B273D28AF006E16D9 /* calculatorTests.swift */; };
		0F467076273D28AF006E16D9 /* calculatorUITests.swift in Sources */ = {isa = PBXBuildFile; fileRef = 0F467075273D28AF006E16D9 /* calculatorUITests.swift */; };
		0F467078273D28AF006E16D9 /* calculatorUITestsLaunchTests.swift in Sources */ = {isa = PBXBuildFile; fileRef = 0F467077273D28AF006E16D9 /* calculatorUITestsLaunchTests.swift */; };
		0F467085273D2A6A006E16D9 /* IntToRomanNumeral.swift in Sources */ = {isa = PBXBuildFile; fileRef = 0F467084273D2A6A006E16D9 /* IntToRomanNumeral.swift */; };
		0F467087273D2ACE006E16D9 /* IntToRomanNumeralConversionTest.swift in Sources */ = {isa = PBXBuildFile; fileRef = 0F467086273D2ACE006E16D9 /* IntToRomanNumeralConversionTest.swift */; };
		0F467089273D3084006E16D9 /* RomanNumeralsToInt.swift in Sources */ = {isa = PBXBuildFile; fileRef = 0F467088273D3084006E16D9 /* RomanNumeralsToInt.swift */; };
		0F46708B273D3615006E16D9 /* RomanNumeralsToIntTest.swift in Sources */ = {isa = PBXBuildFile; fileRef = 0F46708A273D3615006E16D9 /* RomanNumeralsToIntTest.swift */; };
		14800BAC275FBE7800D6F660 /* BackgroundImage.swift in Sources */ = {isa = PBXBuildFile; fileRef = 14800BAB275FBE7800D6F660 /* BackgroundImage.swift */; };
/* End PBXBuildFile section */

/* Begin PBXContainerItemProxy section */
		0F467068273D28AF006E16D9 /* PBXContainerItemProxy */ = {
			isa = PBXContainerItemProxy;
			containerPortal = 0F46704F273D28AE006E16D9 /* Project object */;
			proxyType = 1;
			remoteGlobalIDString = 0F467056273D28AE006E16D9;
			remoteInfo = calculator;
		};
		0F467072273D28AF006E16D9 /* PBXContainerItemProxy */ = {
			isa = PBXContainerItemProxy;
			containerPortal = 0F46704F273D28AE006E16D9 /* Project object */;
			proxyType = 1;
			remoteGlobalIDString = 0F467056273D28AE006E16D9;
			remoteInfo = calculator;
		};
/* End PBXContainerItemProxy section */

/* Begin PBXFileReference section */
		0F467057273D28AF006E16D9 /* calculator.app */ = {isa = PBXFileReference; explicitFileType = wrapper.application; includeInIndex = 0; path = calculator.app; sourceTree = BUILT_PRODUCTS_DIR; };
		0F46705A273D28AF006E16D9 /* calculatorApp.swift */ = {isa = PBXFileReference; lastKnownFileType = sourcecode.swift; path = calculatorApp.swift; sourceTree = "<group>"; };
		0F46705C273D28AF006E16D9 /* ContentView.swift */ = {isa = PBXFileReference; lastKnownFileType = sourcecode.swift; path = ContentView.swift; sourceTree = "<group>"; };
		0F46705E273D28AF006E16D9 /* Assets.xcassets */ = {isa = PBXFileReference; lastKnownFileType = folder.assetcatalog; path = Assets.xcassets; sourceTree = "<group>"; };
		0F467061273D28AF006E16D9 /* Preview Assets.xcassets */ = {isa = PBXFileReference; lastKnownFileType = folder.assetcatalog; path = "Preview Assets.xcassets"; sourceTree = "<group>"; };
		0F467067273D28AF006E16D9 /* calculatorTests.xctest */ = {isa = PBXFileReference; explicitFileType = wrapper.cfbundle; includeInIndex = 0; path = calculatorTests.xctest; sourceTree = BUILT_PRODUCTS_DIR; };
		0F46706B273D28AF006E16D9 /* calculatorTests.swift */ = {isa = PBXFileReference; lastKnownFileType = sourcecode.swift; path = calculatorTests.swift; sourceTree = "<group>"; };
		0F467071273D28AF006E16D9 /* calculatorUITests.xctest */ = {isa = PBXFileReference; explicitFileType = wrapper.cfbundle; includeInIndex = 0; path = calculatorUITests.xctest; sourceTree = BUILT_PRODUCTS_DIR; };
		0F467075273D28AF006E16D9 /* calculatorUITests.swift */ = {isa = PBXFileReference; lastKnownFileType = sourcecode.swift; path = calculatorUITests.swift; sourceTree = "<group>"; };
		0F467077273D28AF006E16D9 /* calculatorUITestsLaunchTests.swift */ = {isa = PBXFileReference; lastKnownFileType = sourcecode.swift; path = calculatorUITestsLaunchTests.swift; sourceTree = "<group>"; };
		0F467084273D2A6A006E16D9 /* IntToRomanNumeral.swift */ = {isa = PBXFileReference; lastKnownFileType = sourcecode.swift; path = IntToRomanNumeral.swift; sourceTree = "<group>"; };
		0F467086273D2ACE006E16D9 /* IntToRomanNumeralConversionTest.swift */ = {isa = PBXFileReference; lastKnownFileType = sourcecode.swift; path = IntToRomanNumeralConversionTest.swift; sourceTree = "<group>"; };
		0F467088273D3084006E16D9 /* RomanNumeralsToInt.swift */ = {isa = PBXFileReference; lastKnownFileType = sourcecode.swift; path = RomanNumeralsToInt.swift; sourceTree = "<group>"; };
		0F46708A273D3615006E16D9 /* RomanNumeralsToIntTest.swift */ = {isa = PBXFileReference; lastKnownFileType = sourcecode.swift; path = RomanNumeralsToIntTest.swift; sourceTree = "<group>"; };
		14800BAB275FBE7800D6F660 /* BackgroundImage.swift */ = {isa = PBXFileReference; lastKnownFileType = sourcecode.swift; path = BackgroundImage.swift; sourceTree = "<group>"; };
/* End PBXFileReference section */

/* Begin PBXFrameworksBuildPhase section */
		0F467054273D28AE006E16D9 /* Frameworks */ = {
			isa = PBXFrameworksBuildPhase;
			buildActionMask = 2147483647;
			files = (
			);
			runOnlyForDeploymentPostprocessing = 0;
		};
		0F467064273D28AF006E16D9 /* Frameworks */ = {
			isa = PBXFrameworksBuildPhase;
			buildActionMask = 2147483647;
			files = (
			);
			runOnlyForDeploymentPostprocessing = 0;
		};
		0F46706E273D28AF006E16D9 /* Frameworks */ = {
			isa = PBXFrameworksBuildPhase;
			buildActionMask = 2147483647;
			files = (
			);
			runOnlyForDeploymentPostprocessing = 0;
		};
/* End PBXFrameworksBuildPhase section */

/* Begin PBXGroup section */
		0F46704E273D28AE006E16D9 = {
			isa = PBXGroup;
			children = (
				0F467059273D28AF006E16D9 /* calculator */,
				0F46706A273D28AF006E16D9 /* calculatorTests */,
				0F467074273D28AF006E16D9 /* calculatorUITests */,
				0F467058273D28AF006E16D9 /* Products */,
			);
			sourceTree = "<group>";
		};
		0F467058273D28AF006E16D9 /* Products */ = {
			isa = PBXGroup;
			children = (
				0F467057273D28AF006E16D9 /* calculator.app */,
				0F467067273D28AF006E16D9 /* calculatorTests.xctest */,
				0F467071273D28AF006E16D9 /* calculatorUITests.xctest */,
			);
			name = Products;
			sourceTree = "<group>";
		};
		0F467059273D28AF006E16D9 /* calculator */ = {
			isa = PBXGroup;
			children = (
				0F46705A273D28AF006E16D9 /* calculatorApp.swift */,
				0F46705C273D28AF006E16D9 /* ContentView.swift */,
				0F46705E273D28AF006E16D9 /* Assets.xcassets */,
				0F467060273D28AF006E16D9 /* Preview Content */,
				0F467084273D2A6A006E16D9 /* IntToRomanNumeral.swift */,
				0F467088273D3084006E16D9 /* RomanNumeralsToInt.swift */,
				14800BAB275FBE7800D6F660 /* BackgroundImage.swift */,
			);
			path = calculator;
			sourceTree = "<group>";
		};
		0F467060273D28AF006E16D9 /* Preview Content */ = {
			isa = PBXGroup;
			children = (
				0F467061273D28AF006E16D9 /* Preview Assets.xcassets */,
			);
			path = "Preview Content";
			sourceTree = "<group>";
		};
		0F46706A273D28AF006E16D9 /* calculatorTests */ = {
			isa = PBXGroup;
			children = (
				0F46706B273D28AF006E16D9 /* calculatorTests.swift */,
				0F467086273D2ACE006E16D9 /* IntToRomanNumeralConversionTest.swift */,
				0F46708A273D3615006E16D9 /* RomanNumeralsToIntTest.swift */,
			);
			path = calculatorTests;
			sourceTree = "<group>";
		};
		0F467074273D28AF006E16D9 /* calculatorUITests */ = {
			isa = PBXGroup;
			children = (
				0F467075273D28AF006E16D9 /* calculatorUITests.swift */,
				0F467077273D28AF006E16D9 /* calculatorUITestsLaunchTests.swift */,
			);
			path = calculatorUITests;
			sourceTree = "<group>";
		};
/* End PBXGroup section */

/* Begin PBXNativeTarget section */
		0F467056273D28AE006E16D9 /* calculator */ = {
			isa = PBXNativeTarget;
			buildConfigurationList = 0F46707B273D28AF006E16D9 /* Build configuration list for PBXNativeTarget "calculator" */;
			buildPhases = (
				0F467053273D28AE006E16D9 /* Sources */,
				0F467054273D28AE006E16D9 /* Frameworks */,
				0F467055273D28AE006E16D9 /* Resources */,
			);
			buildRules = (
			);
			dependencies = (
			);
			name = calculator;
			productName = calculator;
			productReference = 0F467057273D28AF006E16D9 /* calculator.app */;
			productType = "com.apple.product-type.application";
		};
		0F467066273D28AF006E16D9 /* calculatorTests */ = {
			isa = PBXNativeTarget;
			buildConfigurationList = 0F46707E273D28AF006E16D9 /* Build configuration list for PBXNativeTarget "calculatorTests" */;
			buildPhases = (
				0F467063273D28AF006E16D9 /* Sources */,
				0F467064273D28AF006E16D9 /* Frameworks */,
				0F467065273D28AF006E16D9 /* Resources */,
			);
			buildRules = (
			);
			dependencies = (
				0F467069273D28AF006E16D9 /* PBXTargetDependency */,
			);
			name = calculatorTests;
			productName = calculatorTests;
			productReference = 0F467067273D28AF006E16D9 /* calculatorTests.xctest */;
			productType = "com.apple.product-type.bundle.unit-test";
		};
		0F467070273D28AF006E16D9 /* calculatorUITests */ = {
			isa = PBXNativeTarget;
			buildConfigurationList = 0F467081273D28AF006E16D9 /* Build configuration list for PBXNativeTarget "calculatorUITests" */;
			buildPhases = (
				0F46706D273D28AF006E16D9 /* Sources */,
				0F46706E273D28AF006E16D9 /* Frameworks */,
				0F46706F273D28AF006E16D9 /* Resources */,
			);
			buildRules = (
			);
			dependencies = (
				0F467073273D28AF006E16D9 /* PBXTargetDependency */,
			);
			name = calculatorUITests;
			productName = calculatorUITests;
			productReference = 0F467071273D28AF006E16D9 /* calculatorUITests.xctest */;
			productType = "com.apple.product-type.bundle.ui-testing";
		};
/* End PBXNativeTarget section */

/* Begin PBXProject section */
		0F46704F273D28AE006E16D9 /* Project object */ = {
			isa = PBXProject;
			attributes = {
				LastSwiftUpdateCheck = 1310;
				LastUpgradeCheck = 1310;
				TargetAttributes = {
					0F467056273D28AE006E16D9 = {
						CreatedOnToolsVersion = 13.1;
					};
					0F467066273D28AF006E16D9 = {
						CreatedOnToolsVersion = 13.1;
						TestTargetID = 0F467056273D28AE006E16D9;
					};
					0F467070273D28AF006E16D9 = {
						CreatedOnToolsVersion = 13.1;
						TestTargetID = 0F467056273D28AE006E16D9;
					};
				};
			};
			buildConfigurationList = 0F467052273D28AE006E16D9 /* Build configuration list for PBXProject "calculator" */;
			compatibilityVersion = "Xcode 9.3";
			developmentRegion = en;
			hasScannedForEncodings = 0;
			knownRegions = (
				en,
				Base,
			);
			mainGroup = 0F46704E273D28AE006E16D9;
			productRefGroup = 0F467058273D28AF006E16D9 /* Products */;
			projectDirPath = "";
			projectRoot = "";
			targets = (
				0F467056273D28AE006E16D9 /* calculator */,
				0F467066273D28AF006E16D9 /* calculatorTests */,
				0F467070273D28AF006E16D9 /* calculatorUITests */,
			);
		};
/* End PBXProject section */

/* Begin PBXResourcesBuildPhase section */
		0F467055273D28AE006E16D9 /* Resources */ = {
			isa = PBXResourcesBuildPhase;
			buildActionMask = 2147483647;
			files = (
				0F467062273D28AF006E16D9 /* Preview Assets.xcassets in Resources */,
				0F46705F273D28AF006E16D9 /* Assets.xcassets in Resources */,
			);
			runOnlyForDeploymentPostprocessing = 0;
		};
		0F467065273D28AF006E16D9 /* Resources */ = {
			isa = PBXResourcesBuildPhase;
			buildActionMask = 2147483647;
			files = (
			);
			runOnlyForDeploymentPostprocessing = 0;
		};
		0F46706F273D28AF006E16D9 /* Resources */ = {
			isa = PBXResourcesBuildPhase;
			buildActionMask = 2147483647;
			files = (
			);
			runOnlyForDeploymentPostprocessing = 0;
		};
/* End PBXResourcesBuildPhase section */

/* Begin PBXSourcesBuildPhase section */
		0F467053273D28AE006E16D9 /* Sources */ = {
			isa = PBXSourcesBuildPhase;
			buildActionMask = 2147483647;
			files = (
				0F467085273D2A6A006E16D9 /* IntToRomanNumeral.swift in Sources */,
				0F467089273D3084006E16D9 /* RomanNumeralsToInt.swift in Sources */,
				0F46705D273D28AF006E16D9 /* ContentView.swift in Sources */,
				14800BAC275FBE7800D6F660 /* BackgroundImage.swift in Sources */,
				0F46705B273D28AF006E16D9 /* calculatorApp.swift in Sources */,
			);
			runOnlyForDeploymentPostprocessing = 0;
		};
		0F467063273D28AF006E16D9 /* Sources */ = {
			isa = PBXSourcesBuildPhase;
			buildActionMask = 2147483647;
			files = (
				0F46708B273D3615006E16D9 /* RomanNumeralsToIntTest.swift in Sources */,
				0F467087273D2ACE006E16D9 /* IntToRomanNumeralConversionTest.swift in Sources */,
				0F46706C273D28AF006E16D9 /* calculatorTests.swift in Sources */,
			);
			runOnlyForDeploymentPostprocessing = 0;
		};
		0F46706D273D28AF006E16D9 /* Sources */ = {
			isa = PBXSourcesBuildPhase;
			buildActionMask = 2147483647;
			files = (
				0F467078273D28AF006E16D9 /* calculatorUITestsLaunchTests.swift in Sources */,
				0F467076273D28AF006E16D9 /* calculatorUITests.swift in Sources */,
			);
			runOnlyForDeploymentPostprocessing = 0;
		};
/* End PBXSourcesBuildPhase section */

/* Begin PBXTargetDependency section */
		0F467069273D28AF006E16D9 /* PBXTargetDependency */ = {
			isa = PBXTargetDependency;
			target = 0F467056273D28AE006E16D9 /* calculator */;
			targetProxy = 0F467068273D28AF006E16D9 /* PBXContainerItemProxy */;
		};
		0F467073273D28AF006E16D9 /* PBXTargetDependency */ = {
			isa = PBXTargetDependency;
			target = 0F467056273D28AE006E16D9 /* calculator */;
			targetProxy = 0F467072273D28AF006E16D9 /* PBXContainerItemProxy */;
		};
/* End PBXTargetDependency section */

/* Begin XCBuildConfiguration section */
		0F467079273D28AF006E16D9 /* Debug */ = {
			isa = XCBuildConfiguration;
			buildSettings = {
				ALWAYS_SEARCH_USER_PATHS = NO;
				CLANG_ANALYZER_NONNULL = YES;
				CLANG_ANALYZER_NUMBER_OBJECT_CONVERSION = YES_AGGRESSIVE;
				CLANG_CXX_LANGUAGE_STANDARD = "gnu++17";
				CLANG_CXX_LIBRARY = "libc++";
				CLANG_ENABLE_MODULES = YES;
				CLANG_ENABLE_OBJC_ARC = YES;
				CLANG_ENABLE_OBJC_WEAK = YES;
				CLANG_WARN_BLOCK_CAPTURE_AUTORELEASING = YES;
				CLANG_WARN_BOOL_CONVERSION = YES;
				CLANG_WARN_COMMA = YES;
				CLANG_WARN_CONSTANT_CONVERSION = YES;
				CLANG_WARN_DEPRECATED_OBJC_IMPLEMENTATIONS = YES;
				CLANG_WARN_DIRECT_OBJC_ISA_USAGE = YES_ERROR;
				CLANG_WARN_DOCUMENTATION_COMMENTS = YES;
				CLANG_WARN_EMPTY_BODY = YES;
				CLANG_WARN_ENUM_CONVERSION = YES;
				CLANG_WARN_INFINITE_RECURSION = YES;
				CLANG_WARN_INT_CONVERSION = YES;
				CLANG_WARN_NON_LITERAL_NULL_CONVERSION = YES;
				CLANG_WARN_OBJC_IMPLICIT_RETAIN_SELF = YES;
				CLANG_WARN_OBJC_LITERAL_CONVERSION = YES;
				CLANG_WARN_OBJC_ROOT_CLASS = YES_ERROR;
				CLANG_WARN_QUOTED_INCLUDE_IN_FRAMEWORK_HEADER = YES;
				CLANG_WARN_RANGE_LOOP_ANALYSIS = YES;
				CLANG_WARN_STRICT_PROTOTYPES = YES;
				CLANG_WARN_SUSPICIOUS_MOVE = YES;
				CLANG_WARN_UNGUARDED_AVAILABILITY = YES_AGGRESSIVE;
				CLANG_WARN_UNREACHABLE_CODE = YES;
				CLANG_WARN__DUPLICATE_METHOD_MATCH = YES;
				COPY_PHASE_STRIP = NO;
				DEBUG_INFORMATION_FORMAT = dwarf;
				ENABLE_STRICT_OBJC_MSGSEND = YES;
				ENABLE_TESTABILITY = YES;
				GCC_C_LANGUAGE_STANDARD = gnu11;
				GCC_DYNAMIC_NO_PIC = NO;
				GCC_NO_COMMON_BLOCKS = YES;
				GCC_OPTIMIZATION_LEVEL = 0;
				GCC_PREPROCESSOR_DEFINITIONS = (
					"DEBUG=1",
					"$(inherited)",
				);
				GCC_WARN_64_TO_32_BIT_CONVERSION = YES;
				GCC_WARN_ABOUT_RETURN_TYPE = YES_ERROR;
				GCC_WARN_UNDECLARED_SELECTOR = YES;
				GCC_WARN_UNINITIALIZED_AUTOS = YES_AGGRESSIVE;
				GCC_WARN_UNUSED_FUNCTION = YES;
				GCC_WARN_UNUSED_VARIABLE = YES;
				IPHONEOS_DEPLOYMENT_TARGET = 15.0;
				MTL_ENABLE_DEBUG_INFO = INCLUDE_SOURCE;
				MTL_FAST_MATH = YES;
				ONLY_ACTIVE_ARCH = YES;
				SDKROOT = iphoneos;
				SWIFT_ACTIVE_COMPILATION_CONDITIONS = DEBUG;
				SWIFT_OPTIMIZATION_LEVEL = "-Onone";
			};
			name = Debug;
		};
		0F46707A273D28AF006E16D9 /* Release */ = {
			isa = XCBuildConfiguration;
			buildSettings = {
				ALWAYS_SEARCH_USER_PATHS = NO;
				CLANG_ANALYZER_NONNULL = YES;
				CLANG_ANALYZER_NUMBER_OBJECT_CONVERSION = YES_AGGRESSIVE;
				CLANG_CXX_LANGUAGE_STANDARD = "gnu++17";
				CLANG_CXX_LIBRARY = "libc++";
				CLANG_ENABLE_MODULES = YES;
				CLANG_ENABLE_OBJC_ARC = YES;
				CLANG_ENABLE_OBJC_WEAK = YES;
				CLANG_WARN_BLOCK_CAPTURE_AUTORELEASING = YES;
				CLANG_WARN_BOOL_CONVERSION = YES;
				CLANG_WARN_COMMA = YES;
				CLANG_WARN_CONSTANT_CONVERSION = YES;
				CLANG_WARN_DEPRECATED_OBJC_IMPLEMENTATIONS = YES;
				CLANG_WARN_DIRECT_OBJC_ISA_USAGE = YES_ERROR;
				CLANG_WARN_DOCUMENTATION_COMMENTS = YES;
				CLANG_WARN_EMPTY_BODY = YES;
				CLANG_WARN_ENUM_CONVERSION = YES;
				CLANG_WARN_INFINITE_RECURSION = YES;
				CLANG_WARN_INT_CONVERSION = YES;
				CLANG_WARN_NON_LITERAL_NULL_CONVERSION = YES;
				CLANG_WARN_OBJC_IMPLICIT_RETAIN_SELF = YES;
				CLANG_WARN_OBJC_LITERAL_CONVERSION = YES;
				CLANG_WARN_OBJC_ROOT_CLASS = YES_ERROR;
				CLANG_WARN_QUOTED_INCLUDE_IN_FRAMEWORK_HEADER = YES;
				CLANG_WARN_RANGE_LOOP_ANALYSIS = YES;
				CLANG_WARN_STRICT_PROTOTYPES = YES;
				CLANG_WARN_SUSPICIOUS_MOVE = YES;
				CLANG_WARN_UNGUARDED_AVAILABILITY = YES_AGGRESSIVE;
				CLANG_WARN_UNREACHABLE_CODE = YES;
				CLANG_WARN__DUPLICATE_METHOD_MATCH = YES;
				COPY_PHASE_STRIP = NO;
				DEBUG_INFORMATION_FORMAT = "dwarf-with-dsym";
				ENABLE_NS_ASSERTIONS = NO;
				ENABLE_STRICT_OBJC_MSGSEND = YES;
				GCC_C_LANGUAGE_STANDARD = gnu11;
				GCC_NO_COMMON_BLOCKS = YES;
				GCC_WARN_64_TO_32_BIT_CONVERSION = YES;
				GCC_WARN_ABOUT_RETURN_TYPE = YES_ERROR;
				GCC_WARN_UNDECLARED_SELECTOR = YES;
				GCC_WARN_UNINITIALIZED_AUTOS = YES_AGGRESSIVE;
				GCC_WARN_UNUSED_FUNCTION = YES;
				GCC_WARN_UNUSED_VARIABLE = YES;
				IPHONEOS_DEPLOYMENT_TARGET = 15.0;
				MTL_ENABLE_DEBUG_INFO = NO;
				MTL_FAST_MATH = YES;
				SDKROOT = iphoneos;
				SWIFT_COMPILATION_MODE = wholemodule;
				SWIFT_OPTIMIZATION_LEVEL = "-O";
				VALIDATE_PRODUCT = YES;
			};
			name = Release;
		};
		0F46707C273D28AF006E16D9 /* Debug */ = {
			isa = XCBuildConfiguration;
			buildSettings = {
				ASSETCATALOG_COMPILER_APPICON_NAME = AppIcon;
				ASSETCATALOG_COMPILER_GLOBAL_ACCENT_COLOR_NAME = AccentColor;
				CODE_SIGN_STYLE = Automatic;
				CURRENT_PROJECT_VERSION = 1;
				DEVELOPMENT_ASSET_PATHS = "\"calculator/Preview Content\"";
				ENABLE_PREVIEWS = YES;
				GENERATE_INFOPLIST_FILE = YES;
				INFOPLIST_KEY_UIApplicationSceneManifest_Generation = YES;
				INFOPLIST_KEY_UIApplicationSupportsIndirectInputEvents = YES;
				INFOPLIST_KEY_UILaunchScreen_Generation = YES;
				INFOPLIST_KEY_UISupportedInterfaceOrientations_iPad = "UIInterfaceOrientationPortrait UIInterfaceOrientationPortraitUpsideDown UIInterfaceOrientationLandscapeLeft UIInterfaceOrientationLandscapeRight";
				INFOPLIST_KEY_UISupportedInterfaceOrientations_iPhone = "UIInterfaceOrientationPortrait UIInterfaceOrientationLandscapeLeft UIInterfaceOrientationLandscapeRight";
				IPHONEOS_DEPLOYMENT_TARGET = 14.4;
				LD_RUNPATH_SEARCH_PATHS = (
					"$(inherited)",
					"@executable_path/Frameworks",
				);
				MARKETING_VERSION = 1.0;
				PRODUCT_BUNDLE_IDENTIFIER = htw.calculator;
				PRODUCT_NAME = "$(TARGET_NAME)";
				SWIFT_EMIT_LOC_STRINGS = YES;
				SWIFT_VERSION = 5.0;
				TARGETED_DEVICE_FAMILY = "1,2";
			};
			name = Debug;
		};
		0F46707D273D28AF006E16D9 /* Release */ = {
			isa = XCBuildConfiguration;
			buildSettings = {
				ASSETCATALOG_COMPILER_APPICON_NAME = AppIcon;
				ASSETCATALOG_COMPILER_GLOBAL_ACCENT_COLOR_NAME = AccentColor;
				CODE_SIGN_STYLE = Automatic;
				CURRENT_PROJECT_VERSION = 1;
				DEVELOPMENT_ASSET_PATHS = "\"calculator/Preview Content\"";
				ENABLE_PREVIEWS = YES;
				GENERATE_INFOPLIST_FILE = YES;
				INFOPLIST_KEY_UIApplicationSceneManifest_Generation = YES;
				INFOPLIST_KEY_UIApplicationSupportsIndirectInputEvents = YES;
				INFOPLIST_KEY_UILaunchScreen_Generation = YES;
				INFOPLIST_KEY_UISupportedInterfaceOrientations_iPad = "UIInterfaceOrientationPortrait UIInterfaceOrientationPortraitUpsideDown UIInterfaceOrientationLandscapeLeft UIInterfaceOrientationLandscapeRight";
				INFOPLIST_KEY_UISupportedInterfaceOrientations_iPhone = "UIInterfaceOrientationPortrait UIInterfaceOrientationLandscapeLeft UIInterfaceOrientationLandscapeRight";
				IPHONEOS_DEPLOYMENT_TARGET = 14.4;
				LD_RUNPATH_SEARCH_PATHS = (
					"$(inherited)",
					"@executable_path/Frameworks",
				);
				MARKETING_VERSION = 1.0;
				PRODUCT_BUNDLE_IDENTIFIER = htw.calculator;
				PRODUCT_NAME = "$(TARGET_NAME)";
				SWIFT_EMIT_LOC_STRINGS = YES;
				SWIFT_VERSION = 5.0;
				TARGETED_DEVICE_FAMILY = "1,2";
			};
			name = Release;
		};
		0F46707F273D28AF006E16D9 /* Debug */ = {
			isa = XCBuildConfiguration;
			buildSettings = {
				ALWAYS_EMBED_SWIFT_STANDARD_LIBRARIES = YES;
				BUNDLE_LOADER = "$(TEST_HOST)";
				CODE_SIGN_STYLE = Automatic;
				CURRENT_PROJECT_VERSION = 1;
				GENERATE_INFOPLIST_FILE = YES;
				IPHONEOS_DEPLOYMENT_TARGET = 15.0;
				LD_RUNPATH_SEARCH_PATHS = (
					"$(inherited)",
					"@executable_path/Frameworks",
					"@loader_path/Frameworks",
				);
				MARKETING_VERSION = 1.0;
				PRODUCT_BUNDLE_IDENTIFIER = htw.calculatorTests;
				PRODUCT_NAME = "$(TARGET_NAME)";
				SWIFT_EMIT_LOC_STRINGS = NO;
				SWIFT_VERSION = 5.0;
				TARGETED_DEVICE_FAMILY = "1,2";
				TEST_HOST = "$(BUILT_PRODUCTS_DIR)/calculator.app/calculator";
			};
			name = Debug;
		};
		0F467080273D28AF006E16D9 /* Release */ = {
			isa = XCBuildConfiguration;
			buildSettings = {
				ALWAYS_EMBED_SWIFT_STANDARD_LIBRARIES = YES;
				BUNDLE_LOADER = "$(TEST_HOST)";
				CODE_SIGN_STYLE = Automatic;
				CURRENT_PROJECT_VERSION = 1;
				GENERATE_INFOPLIST_FILE = YES;
				IPHONEOS_DEPLOYMENT_TARGET = 15.0;
				LD_RUNPATH_SEARCH_PATHS = (
					"$(inherited)",
					"@executable_path/Frameworks",
					"@loader_path/Frameworks",
				);
				MARKETING_VERSION = 1.0;
				PRODUCT_BUNDLE_IDENTIFIER = htw.calculatorTests;
				PRODUCT_NAME = "$(TARGET_NAME)";
				SWIFT_EMIT_LOC_STRINGS = NO;
				SWIFT_VERSION = 5.0;
				TARGETED_DEVICE_FAMILY = "1,2";
				TEST_HOST = "$(BUILT_PRODUCTS_DIR)/calculator.app/calculator";
			};
			name = Release;
		};
		0F467082273D28AF006E16D9 /* Debug */ = {
			isa = XCBuildConfiguration;
			buildSettings = {
				ALWAYS_EMBED_SWIFT_STANDARD_LIBRARIES = YES;
				CODE_SIGN_STYLE = Automatic;
				CURRENT_PROJECT_VERSION = 1;
				GENERATE_INFOPLIST_FILE = YES;
				IPHONEOS_DEPLOYMENT_TARGET = 14.4;
				LD_RUNPATH_SEARCH_PATHS = (
					"$(inherited)",
					"@executable_path/Frameworks",
					"@loader_path/Frameworks",
				);
				MARKETING_VERSION = 1.0;
				PRODUCT_BUNDLE_IDENTIFIER = htw.calculatorUITests;
				PRODUCT_NAME = "$(TARGET_NAME)";
				SWIFT_EMIT_LOC_STRINGS = NO;
				SWIFT_VERSION = 5.0;
				TARGETED_DEVICE_FAMILY = "1,2";
				TEST_TARGET_NAME = calculator;
			};
			name = Debug;
		};
		0F467083273D28AF006E16D9 /* Release */ = {
			isa = XCBuildConfiguration;
			buildSettings = {
				ALWAYS_EMBED_SWIFT_STANDARD_LIBRARIES = YES;
				CODE_SIGN_STYLE = Automatic;
				CURRENT_PROJECT_VERSION = 1;
				GENERATE_INFOPLIST_FILE = YES;
				IPHONEOS_DEPLOYMENT_TARGET = 14.4;
				LD_RUNPATH_SEARCH_PATHS = (
					"$(inherited)",
					"@executable_path/Frameworks",
					"@loader_path/Frameworks",
				);
				MARKETING_VERSION = 1.0;
				PRODUCT_BUNDLE_IDENTIFIER = htw.calculatorUITests;
				PRODUCT_NAME = "$(TARGET_NAME)";
				SWIFT_EMIT_LOC_STRINGS = NO;
				SWIFT_VERSION = 5.0;
				TARGETED_DEVICE_FAMILY = "1,2";
				TEST_TARGET_NAME = calculator;
			};
			name = Release;
		};
/* End XCBuildConfiguration section */

/* Begin XCConfigurationList section */
		0F467052273D28AE006E16D9 /* Build configuration list for PBXProject "calculator" */ = {
			isa = XCConfigurationList;
			buildConfigurations = (
				0F467079273D28AF006E16D9 /* Debug */,
				0F46707A273D28AF006E16D9 /* Release */,
			);
			defaultConfigurationIsVisible = 0;
			defaultConfigurationName = Release;
		};
		0F46707B273D28AF006E16D9 /* Build configuration list for PBXNativeTarget "calculator" */ = {
			isa = XCConfigurationList;
			buildConfigurations = (
				0F46707C273D28AF006E16D9 /* Debug */,
				0F46707D273D28AF006E16D9 /* Release */,
			);
			defaultConfigurationIsVisible = 0;
			defaultConfigurationName = Release;
		};
		0F46707E273D28AF006E16D9 /* Build configuration list for PBXNativeTarget "calculatorTests" */ = {
			isa = XCConfigurationList;
			buildConfigurations = (
				0F46707F273D28AF006E16D9 /* Debug */,
				0F467080273D28AF006E16D9 /* Release */,
			);
			defaultConfigurationIsVisible = 0;
			defaultConfigurationName = Release;
		};
		0F467081273D28AF006E16D9 /* Build configuration list for PBXNativeTarget "calculatorUITests" */ = {
			isa = XCConfigurationList;
			buildConfigurations = (
				0F467082273D28AF006E16D9 /* Debug */,
				0F467083273D28AF006E16D9 /* Release */,
			);
			defaultConfigurationIsVisible = 0;
			defaultConfigurationName = Release;
		};
/* End XCConfigurationList section */
	};
	rootObject = 0F46704F273D28AE006E16D9 /* Project object */;
}
